
Microsoft Visual Studio Solution File, Format Version 12.00
Project("{FAE04EC0-301F-11D3-BF4B-00C04F79EFBC}") = "BetterGitForkGraph", "BetterGitForkGraph\BetterGitForkGraph.csproj", "{21755B53-ACA2-4921-BBB5-0F36DCD51210}"
EndProject
Global
	GlobalSection(SolutionConfigurationPlatforms) = preSolution
		Debug|Any CPU = Debug|Any CPU
		Release|Any CPU = Release|Any CPU
	EndGlobalSection
	GlobalSection(ProjectConfigurationPlatforms) = postSolution
		{21755B53-ACA2-4921-BBB5-0F36DCD51210}.Debug|Any CPU.ActiveCfg = Debug|Any CPU
		{21755B53-ACA2-4921-BBB5-0F36DCD51210}.Debug|Any CPU.Build.0 = Debug|Any CPU
		{21755B53-ACA2-4921-BBB5-0F36DCD51210}.Release|Any CPU.ActiveCfg = Release|Any CPU
		{21755B53-ACA2-4921-BBB5-0F36DCD51210}.Release|Any CPU.Build.0 = Release|Any CPU
	EndGlobalSection
EndGlobal
